github.com/DishanRajapaksha/industrial-cli-kit v0.0.0-20260712085609-0cf30ef92957 h1:dusI+cJaPjei6qwF2R741h2/qno6OBvj44ijKhPCCE4=
github.com/DishanRajapaksha/industrial-cli-kit v0.0.0-20260712085609-0cf30ef92957/go.mod h1:VMMmT0qKjdZ8kJE88HFZDJDa4gftgSX7gXwQTY4mtuM=
github.com/danomagnum/gologix v0.41.0-beta h1:1N9zowbtuxZ1nEvDFR8dkXFrbzLHWUCHqFh4SQ/dG/4=
github.com/danomagnum/gologix v0.41.0-beta/go.mod h1:a0mVZ0+1vBg6R56BLSk68iO9XQGHyqEkyh33OCCIr9k=
github.com/npat-efault/crc16 v0.0.0-20161013170008-4128ccbe47c3 h1:LreEMrgwmSTNPbtao3jPZjwrjRYrlYTDg0kTMPOgSHg=
github.com/npat-efault/crc16 v0.0.0-20161013170008-4128ccbe47c3/go.mod h1:1E9pLoYv14Va+AZbH8ywpTseVh5R4rwkRla445GfE1U=
gopkg.in/check.v1 v0.0.0-20161208181325-20d25e280405 h1:yhCVgyC4o1eVCa2tZl7eS0r+SDo693bJlVdllGtEeKM=
gopkg.in/check.v1 v0.0.0-20161208181325-20d25e280405/go.mod h1:Co6ibVJAznAaIkqp8huTwlJQCZ016jof/cbN4VW5Yz0=
gopkg.in/yaml.v3 v3.0.1 h1:fxVm/GzAzEWqLHuvctI91KS9hhNmmWOoWu0XTYJS7CA=
gopkg.in/yaml.v3 v3.0.1/go.mod h1:K4uyk7z7BCEPqu6E+C64Yfv1cQ7kz7rIZviUmN+EgEM=
